<?xml version="1.0" encoding="utf-8"?>
<Project ToolsVersion="4.0" xmlns="http://schemas.microsoft.com/developer/msbuild/2003">
  <ItemGroup>
    <Filter Include="cpp">
      <UniqueIdentifier>{4FC737F1-C7A5-4376-A066-2A32D752A2FF}</UniqueIdentifier>
      <Extensions>cpp;c;cc;cxx;def;odl;idl;hpj;bat;asm;asmx</Extensions>
    </Filter>
    <Filter Include="h">
      <UniqueIdentifier>{93995380-89BD-4b04-88EB-625FBE52EBFB}</UniqueIdentifier>
      <Extensions>h;hpp;hxx;hm;inl;inc;xsd</Extensions>
    </Filter>
    <Filter Include="h\server">
      <UniqueIdentifier>{8624c982-9524-4ec4-982f-c58f0f27604f}</UniqueIdentifier>
    </Filter>
    <Filter Include="h\algo">
      <UniqueIdentifier>{d41888d7-1f8e-4161-8888-a1955dddf484}</UniqueIdentifier>
    </Filter>
    <Filter Include="h\multithread">
      <UniqueIdentifier>{26986d27-431d-42f9-a644-782f78685e9b}</UniqueIdentifier>
    </Filter>
    <Filter Include="h\sorting">
      <UniqueIdentifier>{556e4844-1eb3-410b-8760-612fb0a16115}</UniqueIdentifier>
    </Filter>
    <Filter Include="h\pool">
      <UniqueIdentifier>{3618130d-bb64-44f1-a049-fe375d23a4c1}</UniqueIdentifier>
    </Filter>
    <Filter Include="h\HMM">
      <UniqueIdentifier>{ac6aac6e-1caa-4f59-8411-6607e079e39d}</UniqueIdentifier>
    </Filter>
  </ItemGroup>
  <ItemGroup>
    <ClCompile Include="m.cpp">
      <Filter>cpp</Filter>
    </ClCompile>
    <ClCompile Include="bst.cpp">
      <Filter>cpp</Filter>
    </ClCompile>
    <ClCompile Include="dlist.cpp">
      <Filter>cpp</Filter>
    </ClCompile>
    <ClCompile Include="slist.cpp">
      <Filter>cpp</Filter>
    </ClCompile>
    <ClCompile Include="tick.cpp">
      <Filter>cpp</Filter>
    </ClCompile>
    <ClCompile Include="util.cpp">
      <Filter>cpp</Filter>
    </ClCompile>
    <ClCompile Include="ziplist.c">
      <Filter>cpp</Filter>
    </ClCompile>
    <ClCompile Include="zipmap.c">
      <Filter>cpp</Filter>
    </ClCompile>
    <ClCompile Include="graph.cpp">
      <Filter>cpp</Filter>
    </ClCompile>
    <ClCompile Include="heap.cpp">
      <Filter>cpp</Filter>
    </ClCompile>
    <ClCompile Include="sort.cpp">
      <Filter>cpp</Filter>
    </ClCompile>
    <ClCompile Include="ss.cpp">
      <Filter>h\server</Filter>
    </ClCompile>
    <ClCompile Include="asl.cpp">
      <Filter>cpp</Filter>
    </ClCompile>
    <ClCompile Include="mt.cpp">
      <Filter>cpp</Filter>
    </ClCompile>
  </ItemGroup>
  <ItemGroup>
    <ClInclude Include="bst.h">
      <Filter>h</Filter>
    </ClInclude>
    <ClInclude Include="deque.h">
      <Filter>h</Filter>
    </ClInclude>
    <ClInclude Include="dp.h">
      <Filter>h</Filter>
    </ClInclude>
    <ClInclude Include="heap.h">
      <Filter>h</Filter>
    </ClInclude>
    <ClInclude Include="htable.h">
      <Filter>h</Filter>
    </ClInclude>
    <ClInclude Include="queue.h">
      <Filter>h</Filter>
    </ClInclude>
    <ClInclude Include="util.h">
      <Filter>h</Filter>
    </ClInclude>
    <ClInclude Include="tick.h">
      <Filter>h</Filter>
    </ClInclude>
    <ClInclude Include="algo.h">
      <Filter>h</Filter>
    </ClInclude>
    <ClInclude Include="sort.h">
      <Filter>h</Filter>
    </ClInclude>
    <ClInclude Include="searching.h">
      <Filter>h</Filter>
    </ClInclude>
    <ClInclude Include="stack.h">
      <Filter>h</Filter>
    </ClInclude>
    <ClInclude Include="ziplist.h">
      <Filter>h</Filter>
    </ClInclude>
    <ClInclude Include="zipmap.h">
      <Filter>h</Filter>
    </ClInclude>
    <ClInclude Include="SkipListTmpl.h">
      <Filter>h</Filter>
    </ClInclude>
    <ClInclude Include="bitops.h">
      <Filter>h</Filter>
    </ClInclude>
    <ClInclude Include="mt.h">
      <Filter>h\multithread</Filter>
    </ClInclude>
    <ClInclude Include="graph.h">
      <Filter>h</Filter>
    </ClInclude>
    <ClInclude Include="numbercrunching.h">
      <Filter>h</Filter>
    </ClInclude>
    <ClInclude Include="msinterview.h">
      <Filter>h</Filter>
    </ClInclude>
    <ClInclude Include="bt.h">
      <Filter>h</Filter>
    </ClInclude>
    <ClInclude Include="ss.h">
      <Filter>h\server</Filter>
    </ClInclude>
    <ClInclude Include="longestrange.h">
      <Filter>h\algo</Filter>
    </ClInclude>
    <ClInclude Include="reservoir_sampling.h">
      <Filter>h\algo</Filter>
    </ClInclude>
    <ClInclude Include="radixsort.h">
      <Filter>h\algo</Filter>
    </ClInclude>
    <ClInclude Include="asl.h">
      <Filter>h</Filter>
    </ClInclude>
    <ClInclude Include="wordladder.h">
      <Filter>h\algo</Filter>
    </ClInclude>
    <ClInclude Include="mymap.h">
      <Filter>h</Filter>
    </ClInclude>
    <ClInclude Include="rpn.h">
      <Filter>h\algo</Filter>
    </ClInclude>
    <ClInclude Include="anagrams.h">
      <Filter>h\algo</Filter>
    </ClInclude>
    <ClInclude Include="Valid_Parentheses.h">
      <Filter>h\algo</Filter>
    </ClInclude>
    <ClInclude Include="triangle.h">
      <Filter>h\algo</Filter>
    </ClInclude>
    <ClInclude Include="MaximalRectangle.h">
      <Filter>h\algo</Filter>
    </ClInclude>
    <ClInclude Include="boggle.h">
      <Filter>h\algo</Filter>
    </ClInclude>
    <ClInclude Include="matrix.h">
      <Filter>h\algo</Filter>
    </ClInclude>
    <ClInclude Include="boggle2.h">
      <Filter>h\algo</Filter>
    </ClInclude>
    <ClInclude Include="bigint.h">
      <Filter>h\algo</Filter>
    </ClInclude>
    <ClInclude Include="sorting.h">
      <Filter>h\sorting</Filter>
    </ClInclude>
    <ClInclude Include="threesum.h">
      <Filter>h\algo</Filter>
    </ClInclude>
    <ClInclude Include="DisjointSet.h">
      <Filter>h</Filter>
    </ClInclude>
    <ClInclude Include="mempool.h">
      <Filter>h\pool</Filter>
    </ClInclude>
    <ClInclude Include="threadpool.h">
      <Filter>h\pool</Filter>
    </ClInclude>
    <ClInclude Include="h.h">
      <Filter>cpp</Filter>
    </ClInclude>
    <ClInclude Include="permutation.h">
      <Filter>h\algo</Filter>
    </ClInclude>
    <ClInclude Include="list.h">
      <Filter>h</Filter>
    </ClInclude>
    <ClInclude Include="printring.h">
      <Filter>h\algo</Filter>
    </ClInclude>
    <ClInclude Include="hmm.h">
      <Filter>h\HMM</Filter>
    </ClInclude>
  </ItemGroup>
</Project>